{
    "_readme": [
        "This file locks the dependencies of your project to a known state",
        "Read more about it at https://getcomposer.org/doc/01-basic-usage.md#installing-dependencies",
        "This file is @generated automatically"
    ],
    "content-hash": "de198370f9c547d8a46308ac0a04e94f",
    "packages": [
        {
            "name": "kviron/wp-component-engine",
            "version": "0.1.0",
            "source": {
                "type": "git",
                "url": "https://github.com/kviron/wp-component-engine.git",
                "reference": "dd6d313c8795651b4157d9029a5c5c41cc9de483"
            },
            "dist": {
                "type": "zip",
                "url": "https://api.github.com/repos/kviron/wp-component-engine/zipball/dd6d313c8795651b4157d9029a5c5c41cc9de483",
                "reference": "dd6d313c8795651b4157d9029a5c5c41cc9de483",
                "shasum": ""
            },
            "require": {
                "php": ">=7.1"
            },
            "type": "library",
            "autoload": {
                "files": [
                    "wp-component-engine.php"
                ]
            },
            "notification-url": "https://packagist.org/downloads/",
            "license": [
                "proprietary"
            ],
            "authors": [
                {
                    "name": "Kviron",
                    "email": "kviron.web.dev@gmail.com"
                }
            ],
            "description": "PHP Package for Wordpress",
            "support": {
                "issues": "https://github.com/kviron/wp-component-engine/issues",
                "source": "https://github.com/kviron/wp-component-engine/tree/0.1.0"
            },
            "time": "2022-07-06T10:45:39+00:00"
        }
    ],
    "packages-dev": [],
    "aliases": [],
    "minimum-stability": "stable",
    "stability-flags": [],
    "prefer-stable": false,
    "prefer-lowest": false,
    "platform": [],
    "platform-dev": [],
    "plugin-api-version": "2.1.0"
}
